// !$*UTF8*$!
{
	archiveVersion = 1;
	classes = {
	};
	objectVersion = 46;
	objects = {

/* Begin PBXBuildFile section */
		00E356F31AD99517003FC87E /* BaskoolTests.m in Sources */ = {isa = PBXBuildFile; fileRef = 00E356F21AD99517003FC87E /* BaskoolTests.m */; };
		13B07FBC1A68108700A75B9A /* AppDelegate.m in Sources */ = {isa = PBXBuildFile; fileRef = 13B07FB01A68108700A75B9A /* AppDelegate.m */; };
		13B07FBD1A68108700A75B9A /* LaunchScreen.xib in Resources */ = {isa = PBXBuildFile; fileRef = 13B07FB11A68108700A75B9A /* LaunchScreen.xib */; };
		13B07FBF1A68108700A75B9A /* Images.xcassets in Resources */ = {isa = PBXBuildFile; fileRef = 13B07FB51A68108700A75B9A /* Images.xcassets */; };
		13B07FC11A68108700A75B9A /* main.m in Sources */ = {isa = PBXBuildFile; fileRef = 13B07FB71A68108700A75B9A /* main.m */; };
		2D02E4BC1E0B4A80006451C7 /* AppDelegate.m in Sources */ = {isa = PBXBuildFile; fileRef = 13B07FB01A68108700A75B9A /* AppDelegate.m */; };
		2D02E4BD1E0B4A84006451C7 /* Images.xcassets in Resources */ = {isa = PBXBuildFile; fileRef = 13B07FB51A68108700A75B9A /* Images.xcassets */; };
		2D02E4BF1E0B4AB3006451C7 /* main.m in Sources */ = {isa = PBXBuildFile; fileRef = 13B07FB71A68108700A75B9A /* main.m */; };
		2DCD954D1E0B4F2C00145EB5 /* BaskoolTests.m in Sources */ = {isa = PBXBuildFile; fileRef = 00E356F21AD99517003FC87E /* BaskoolTests.m */; };
		CCFF2C6E9A4740E9BEE43569 /* IranSans.woff in Resources */ = {isa = PBXBuildFile; fileRef = 4F60D3BB8D0F4D508A96D501 /* IranSans.woff */; };
		A188137AE3FB48C98B48FE2C /* IRANSansWeb(FaNum)_Bold.ttf in Resources */ = {isa = PBXBuildFile; fileRef = 2275EF41A42C490DBF8EB08A /* IRANSansWeb(FaNum)_Bold.ttf */; };
		0AF26AEC414D4DCB91F04A23 /* IRANSansWeb(FaNum)_Bold.woff in Resources */ = {isa = PBXBuildFile; fileRef = 3232DAA480B441999E734A5A /* IRANSansWeb(FaNum)_Bold.woff */; };
		DF525D235F12403F8A13BE44 /* IRANSansWeb(FaNum)_Bold.woff2 in Resources */ = {isa = PBXBuildFile; fileRef = 92480559B1BC4A639F7E2505 /* IRANSansWeb(FaNum)_Bold.woff2 */; };
		0A6CB3DC56CA4C7AB5A0B03B /* IRANSansWeb(FaNum)_Light.ttf in Resources */ = {isa = PBXBuildFile; fileRef = DC764C232C224A858B05F5C0 /* IRANSansWeb(FaNum)_Light.ttf */; };
		FD031BE953774F3592A76FBF /* IRANSansWeb(FaNum)_Light.woff in Resources */ = {isa = PBXBuildFile; fileRef = 87086B0208F545DEB10B99B0 /* IRANSansWeb(FaNum)_Light.woff */; };
		91C2E627DAAB4AED84937B1B /* IRANSansWeb(FaNum)_Light.woff2 in Resources */ = {isa = PBXBuildFile; fileRef = DCFD290A5EF14726A33877E9 /* IRANSansWeb(FaNum)_Light.woff2 */; };
		C52B12171E14438CBBE356FF /* IRANSansWeb(FaNum)_Medium.ttf in Resources */ = {isa = PBXBuildFile; fileRef = A79A44920DA246D09BF81911 /* IRANSansWeb(FaNum)_Medium.ttf */; };
		2173BF2FE21948F5BE262005 /* IRANSansWeb(FaNum)_Medium.woff in Resources */ = {isa = PBXBuildFile; fileRef = 11A9CEBAB6F04FD49E2BC2F5 /* IRANSansWeb(FaNum)_Medium.woff */; };
		E39F7522D5C543A49C8E528F /* IRANSansWeb(FaNum)_Medium.woff2 in Resources */ = {isa = PBXBuildFile; fileRef = 6AB3899CA666415E8B667DBF /* IRANSansWeb(FaNum)_Medium.woff2 */; };
		E7113264CA624AFDA4386A2C /* IRANSansWeb(FaNum)_UltraLight.ttf in Resources */ = {isa = PBXBuildFile; fileRef = C51B1C14FD8E418FA5B15705 /* IRANSansWeb(FaNum)_UltraLight.ttf */; };
		5A872C25D57B4F58925CA765 /* IRANSansWeb(FaNum)_UltraLight.woff in Resources */ = {isa = PBXBuildFile; fileRef = 24EFE308D66E4E9896F38810 /* IRANSansWeb(FaNum)_UltraLight.woff */; };
		7BA23FC8CB864A85AAE4D5BF /* IRANSansWeb(FaNum)_UltraLight.woff2 in Resources */ = {isa = PBXBuildFile; fileRef = 0383C1338CE746E3B353CCFC /* IRANSansWeb(FaNum)_UltraLight.woff2 */; };
		1FA39BC918274E49B276E5B3 /* IRANSansWeb(FaNum).ttf in Resources */ = {isa = PBXBuildFile; fileRef = EC8E4DE516BA430F91C5E335 /* IRANSansWeb(FaNum).ttf */; };
		D1BD3E02E84F43D4BAD85B3F /* IRANSansWeb(FaNum).woff in Resources */ = {isa = PBXBuildFile; fileRef = 3B4E80BCA8B74B4DB6D7E40F /* IRANSansWeb(FaNum).woff */; };
		129C595388CF4B05B64F673A /* IRANSansWeb(FaNum).woff2 in Resources */ = {isa = PBXBuildFile; fileRef = 0D80D817178E4AB79AC5FE3B /* IRANSansWeb(FaNum).woff2 */; };
		A2250146671C43ECBA97C710 /* AntDesign.ttf in Resources */ = {isa = PBXBuildFile; fileRef = 382C7265E4594619ABF0134E /* AntDesign.ttf */; };
		7653A0A525714519844D34CA /* Entypo.ttf in Resources */ = {isa = PBXBuildFile; fileRef = B10E90D2CF4F4E4DAE230BE1 /* Entypo.ttf */; };
		21688266325C4EF39FE4C1D9 /* EvilIcons.ttf in Resources */ = {isa = PBXBuildFile; fileRef = 5DA32FE0228244A2AC353534 /* EvilIcons.ttf */; };
		C290E99F3E624624ACE2921A /* Feather.ttf in Resources */ = {isa = PBXBuildFile; fileRef = F83FA8F122814DF8BC60771B /* Feather.ttf */; };
		2B6ED1E9BBEE41EBBDE7B925 /* FontAwesome.ttf in Resources */ = {isa = PBXBuildFile; fileRef = 50DC4EAD9ACA45029FD2DD72 /* FontAwesome.ttf */; };
		E00E4E09459C4903AF14B6A4 /* FontAwesome5_Brands.ttf in Resources */ = {isa = PBXBuildFile; fileRef = 89C09F2DCFD246DB89DB7CC7 /* FontAwesome5_Brands.ttf */; };
		57E039FD1FAC4C83B56379C0 /* FontAwesome5_Regular.ttf in Resources */ = {isa = PBXBuildFile; fileRef = D37280D58CB54E8A9E87DC5B /* FontAwesome5_Regular.ttf */; };
		3EE1581B0D52424DBDEA6C0B /* FontAwesome5_Solid.ttf in Resources */ = {isa = PBXBuildFile; fileRef = 38DE47DFE7894F659F7240AD /* FontAwesome5_Solid.ttf */; };
		758CA659A4DB4E30AAF28626 /* Fontisto.ttf in Resources */ = {isa = PBXBuildFile; fileRef = 9DEFFD22B70943809592986F /* Fontisto.ttf */; };
		9874B388EEA9454EBC953CFD /* Foundation.ttf in Resources */ = {isa = PBXBuildFile; fileRef = 217D3FBB90B74A68BBAF487C /* Foundation.ttf */; };
		6321DF190BA7425EA1CDCA87 /* Ionicons.ttf in Resources */ = {isa = PBXBuildFile; fileRef = 70ED5B559EF9465292AE5B7C /* Ionicons.ttf */; };
		E83ED7D8D06A42D1A68E2824 /* MaterialCommunityIcons.ttf in Resources */ = {isa = PBXBuildFile; fileRef = EDAF8C32CDEC40AE840E0FF8 /* MaterialCommunityIcons.ttf */; };
		8CB962BBB37C484B93B0C11A /* MaterialIcons.ttf in Resources */ = {isa = PBXBuildFile; fileRef = FFECF6DB169D45548D75E6C2 /* MaterialIcons.ttf */; };
		B27F9975D1964D9B936C6609 /* Octicons.ttf in Resources */ = {isa = PBXBuildFile; fileRef = 89C15EEF31F0430DA9FF4744 /* Octicons.ttf */; };
		8FB1351360DD42A4A4DB5225 /* Roboto_medium.ttf in Resources */ = {isa = PBXBuildFile; fileRef = A2D88D55133945A5AD9DCE6B /* Roboto_medium.ttf */; };
		5D567C67B7B640FA9E2C6443 /* Roboto.ttf in Resources */ = {isa = PBXBuildFile; fileRef = 79959A80124F44DD87857DFD /* Roboto.ttf */; };
		1EFC41304F40482B82CD6D03 /* rubicon-icon-font.ttf in Resources */ = {isa = PBXBuildFile; fileRef = 90E2A00AA7E541749A7AF269 /* rubicon-icon-font.ttf */; };
		9B38AD11F12345A685B85CD5 /* SimpleLineIcons.ttf in Resources */ = {isa = PBXBuildFile; fileRef = 1F77C67C9CC849BA9B32F67C /* SimpleLineIcons.ttf */; };
		7896F2F0AD0B43E7A0AB24F1 /* Zocial.ttf in Resources */ = {isa = PBXBuildFile; fileRef = 5AC76CEC00E44966BE1093D0 /* Zocial.ttf */; };
		811C562DE06244088CDAFDFA /* Vazir-Bold-FD.ttf in Resources */ = {isa = PBXBuildFile; fileRef = A6B09446035845778320DE35 /* Vazir-Bold-FD.ttf */; };
		E06FBF1EF16249C6AC7D2774 /* Vazir-Bold-FD.woff in Resources */ = {isa = PBXBuildFile; fileRef = CD916098EB7E472D976925B9 /* Vazir-Bold-FD.woff */; };
		CB6F3110124C4D0CBAFC56E8 /* Vazir-Bold-FD.woff2 in Resources */ = {isa = PBXBuildFile; fileRef = 52D70237B3CF40C7A9C391FE /* Vazir-Bold-FD.woff2 */; };
		8CD6CE7BDE174FDBA1F7E281 /* Vazir-FD.ttf in Resources */ = {isa = PBXBuildFile; fileRef = 205FFA1E2532459FA35DB2AD /* Vazir-FD.ttf */; };
		BE154A6E677B4DF3B58BC05E /* Vazir-FD.woff in Resources */ = {isa = PBXBuildFile; fileRef = 1FAC868F4C7C4828A788654D /* Vazir-FD.woff */; };
		7421DFDA6F244167B1060167 /* Vazir-FD.woff2 in Resources */ = {isa = PBXBuildFile; fileRef = D414852BD0C441BF8288F84A /* Vazir-FD.woff2 */; };
		4CF21C4A4341455ABFE95B1C /* Vazir.ttf in Resources */ = {isa = PBXBuildFile; fileRef = 3A96CF52AA6C41ED8EC60331 /* Vazir.ttf */; };
		FA47639B1EB245C99018BA8E /* Vazir.woff in Resources */ = {isa = PBXBuildFile; fileRef = 29B479DD41414B88A28F1DF3 /* Vazir.woff */; };
		C733C15C88464294A5FCE70A /* Vazir.woff2 in Resources */ = {isa = PBXBuildFile; fileRef = B3A225A043DD4DC4A565AF38 /* Vazir.woff2 */; };
/* End PBXBuildFile section */

/* Begin PBXContainerItemProxy section */
		00E356F41AD99517003FC87E /* PBXContainerItemProxy */ = {
			isa = PBXContainerItemProxy;
			containerPortal = 83CBB9F71A601CBA00E9B192 /* Project object */;
			proxyType = 1;
			remoteGlobalIDString = 13B07F861A680F5B00A75B9A;
			remoteInfo = Baskool;
		};
		2D02E4911E0B4A5D006451C7 /* PBXContainerItemProxy */ = {
			isa = PBXContainerItemProxy;
			containerPortal = 83CBB9F71A601CBA00E9B192 /* Project object */;
			proxyType = 1;
			remoteGlobalIDString = 2D02E47A1E0B4A5D006451C7;
			remoteInfo = "Baskool-tvOS";
		};
/* End PBXContainerItemProxy section */

/* Begin PBXFileReference section */
		008F07F21AC5B25A0029DE68 /* main.jsbundle */ = {isa = PBXFileReference; fileEncoding = 4; lastKnownFileType = text; path = main.jsbundle; sourceTree = "<group>"; };
		00E356EE1AD99517003FC87E /* BaskoolTests.xctest */ = {isa = PBXFileReference; explicitFileType = wrapper.cfbundle; includeInIndex = 0; path = BaskoolTests.xctest; sourceTree = BUILT_PRODUCTS_DIR; };
		00E356F11AD99517003FC87E /* Info.plist */ = {isa = PBXFileReference; lastKnownFileType = text.plist.xml; path = Info.plist; sourceTree = "<group>"; };
		00E356F21AD99517003FC87E /* BaskoolTests.m */ = {isa = PBXFileReference; lastKnownFileType = sourcecode.c.objc; path = BaskoolTests.m; sourceTree = "<group>"; };
		13B07F961A680F5B00A75B9A /* Baskool.app */ = {isa = PBXFileReference; explicitFileType = wrapper.application; includeInIndex = 0; path = Baskool.app; sourceTree = BUILT_PRODUCTS_DIR; };
		13B07FAF1A68108700A75B9A /* AppDelegate.h */ = {isa = PBXFileReference; fileEncoding = 4; lastKnownFileType = sourcecode.c.h; name = AppDelegate.h; path = Baskool/AppDelegate.h; sourceTree = "<group>"; };
		13B07FB01A68108700A75B9A /* AppDelegate.m */ = {isa = PBXFileReference; fileEncoding = 4; lastKnownFileType = sourcecode.c.objc; name = AppDelegate.m; path = Baskool/AppDelegate.m; sourceTree = "<group>"; };
		13B07FB21A68108700A75B9A /* Base */ = {isa = PBXFileReference; lastKnownFileType = file.xib; name = Base; path = Base.lproj/LaunchScreen.xib; sourceTree = "<group>"; };
		13B07FB51A68108700A75B9A /* Images.xcassets */ = {isa = PBXFileReference; lastKnownFileType = folder.assetcatalog; name = Images.xcassets; path = Baskool/Images.xcassets; sourceTree = "<group>"; };
		13B07FB61A68108700A75B9A /* Info.plist */ = {isa = PBXFileReference; fileEncoding = 4; lastKnownFileType = text.plist.xml; name = Info.plist; path = Baskool/Info.plist; sourceTree = "<group>"; };
		13B07FB71A68108700A75B9A /* main.m */ = {isa = PBXFileReference; fileEncoding = 4; lastKnownFileType = sourcecode.c.objc; name = main.m; path = Baskool/main.m; sourceTree = "<group>"; };
		2D02E47B1E0B4A5D006451C7 /* Baskool-tvOS.app */ = {isa = PBXFileReference; explicitFileType = wrapper.application; includeInIndex = 0; path = "Baskool-tvOS.app"; sourceTree = BUILT_PRODUCTS_DIR; };
		2D02E4901E0B4A5D006451C7 /* Baskool-tvOSTests.xctest */ = {isa = PBXFileReference; explicitFileType = wrapper.cfbundle; includeInIndex = 0; path = "Baskool-tvOSTests.xctest"; sourceTree = BUILT_PRODUCTS_DIR; };
		ED297162215061F000B7C4FE /* JavaScriptCore.framework */ = {isa = PBXFileReference; lastKnownFileType = wrapper.framework; name = JavaScriptCore.framework; path = System/Library/Frameworks/JavaScriptCore.framework; sourceTree = SDKROOT; };
		ED2971642150620600B7C4FE /* JavaScriptCore.framework */ = {isa = PBXFileReference; lastKnownFileType = wrapper.framework; name = JavaScriptCore.framework; path = Platforms/AppleTVOS.platform/Developer/SDKs/AppleTVOS12.0.sdk/System/Library/Frameworks/JavaScriptCore.framework; sourceTree = DEVELOPER_DIR; };
		4F60D3BB8D0F4D508A96D501 /* IranSans.woff */ = {isa = PBXFileReference; name = "IranSans.woff"; path = "../assets/fonts/IranSans.woff"; sourceTree = "<group>"; fileEncoding = undefined; lastKnownFileType = unknown; explicitFileType = undefined; includeInIndex = 0; };
		2275EF41A42C490DBF8EB08A /* IRANSansWeb(FaNum)_Bold.ttf */ = {isa = PBXFileReference; name = "IRANSansWeb(FaNum)_Bold.ttf"; path = "../assets/fonts/IRANSansWeb(FaNum)_Bold.ttf"; sourceTree = "<group>"; fileEncoding = undefined; lastKnownFileType = unknown; explicitFileType = undefined; includeInIndex = 0; };
		3232DAA480B441999E734A5A /* IRANSansWeb(FaNum)_Bold.woff */ = {isa = PBXFileReference; name = "IRANSansWeb(FaNum)_Bold.woff"; path = "../assets/fonts/IRANSansWeb(FaNum)_Bold.woff"; sourceTree = "<group>"; fileEncoding = undefined; lastKnownFileType = unknown; explicitFileType = undefined; includeInIndex = 0; };
		92480559B1BC4A639F7E2505 /* IRANSansWeb(FaNum)_Bold.woff2 */ = {isa = PBXFileReference; name = "IRANSansWeb(FaNum)_Bold.woff2"; path = "../assets/fonts/IRANSansWeb(FaNum)_Bold.woff2"; sourceTree = "<group>"; fileEncoding = undefined; lastKnownFileType = unknown; explicitFileType = undefined; includeInIndex = 0; };
		DC764C232C224A858B05F5C0 /* IRANSansWeb(FaNum)_Light.ttf */ = {isa = PBXFileReference; name = "IRANSansWeb(FaNum)_Light.ttf"; path = "../assets/fonts/IRANSansWeb(FaNum)_Light.ttf"; sourceTree = "<group>"; fileEncoding = undefined; lastKnownFileType = unknown; explicitFileType = undefined; includeInIndex = 0; };
		87086B0208F545DEB10B99B0 /* IRANSansWeb(FaNum)_Light.woff */ = {isa = PBXFileReference; name = "IRANSansWeb(FaNum)_Light.woff"; path = "../assets/fonts/IRANSansWeb(FaNum)_Light.woff"; sourceTree = "<group>"; fileEncoding = undefined; lastKnownFileType = unknown; explicitFileType = undefined; includeInIndex = 0; };
		DCFD290A5EF14726A33877E9 /* IRANSansWeb(FaNum)_Light.woff2 */ = {isa = PBXFileReference; name = "IRANSansWeb(FaNum)_Light.woff2"; path = "../assets/fonts/IRANSansWeb(FaNum)_Light.woff2"; sourceTree = "<group>"; fileEncoding = undefined; lastKnownFileType = unknown; explicitFileType = undefined; includeInIndex = 0; };
		A79A44920DA246D09BF81911 /* IRANSansWeb(FaNum)_Medium.ttf */ = {isa = PBXFileReference; name = "IRANSansWeb(FaNum)_Medium.ttf"; path = "../assets/fonts/IRANSansWeb(FaNum)_Medium.ttf"; sourceTree = "<group>"; fileEncoding = undefined; lastKnownFileType = unknown; explicitFileType = undefined; includeInIndex = 0; };
		11A9CEBAB6F04FD49E2BC2F5 /* IRANSansWeb(FaNum)_Medium.woff */ = {isa = PBXFileReference; name = "IRANSansWeb(FaNum)_Medium.woff"; path = "../assets/fonts/IRANSansWeb(FaNum)_Medium.woff"; sourceTree = "<group>"; fileEncoding = undefined; lastKnownFileType = unknown; explicitFileType = undefined; includeInIndex = 0; };
		6AB3899CA666415E8B667DBF /* IRANSansWeb(FaNum)_Medium.woff2 */ = {isa = PBXFileReference; name = "IRANSansWeb(FaNum)_Medium.woff2"; path = "../assets/fonts/IRANSansWeb(FaNum)_Medium.woff2"; sourceTree = "<group>"; fileEncoding = undefined; lastKnownFileType = unknown; explicitFileType = undefined; includeInIndex = 0; };
		C51B1C14FD8E418FA5B15705 /* IRANSansWeb(FaNum)_UltraLight.ttf */ = {isa = PBXFileReference; name = "IRANSansWeb(FaNum)_UltraLight.ttf"; path = "../assets/fonts/IRANSansWeb(FaNum)_UltraLight.ttf"; sourceTree = "<group>"; fileEncoding = undefined; lastKnownFileType = unknown; explicitFileType = undefined; includeInIndex = 0; };
		24EFE308D66E4E9896F38810 /* IRANSansWeb(FaNum)_UltraLight.woff */ = {isa = PBXFileReference; name = "IRANSansWeb(FaNum)_UltraLight.woff"; path = "../assets/fonts/IRANSansWeb(FaNum)_UltraLight.woff"; sourceTree = "<group>"; fileEncoding = undefined; lastKnownFileType = unknown; explicitFileType = undefined; includeInIndex = 0; };
		0383C1338CE746E3B353CCFC /* IRANSansWeb(FaNum)_UltraLight.woff2 */ = {isa = PBXFileReference; name = "IRANSansWeb(FaNum)_UltraLight.woff2"; path = "../assets/fonts/IRANSansWeb(FaNum)_UltraLight.woff2"; sourceTree = "<group>"; fileEncoding = undefined; lastKnownFileType = unknown; explicitFileType = undefined; includeInIndex = 0; };
		EC8E4DE516BA430F91C5E335 /* IRANSansWeb(FaNum).ttf */ = {isa = PBXFileReference; name = "IRANSansWeb(FaNum).ttf"; path = "../assets/fonts/IRANSansWeb(FaNum).ttf"; sourceTree = "<group>"; fileEncoding = undefined; lastKnownFileType = unknown; explicitFileType = undefined; includeInIndex = 0; };
		3B4E80BCA8B74B4DB6D7E40F /* IRANSansWeb(FaNum).woff */ = {isa = PBXFileReference; name = "IRANSansWeb(FaNum).woff"; path = "../assets/fonts/IRANSansWeb(FaNum).woff"; sourceTree = "<group>"; fileEncoding = undefined; lastKnownFileType = unknown; explicitFileType = undefined; includeInIndex = 0; };
		0D80D817178E4AB79AC5FE3B /* IRANSansWeb(FaNum).woff2 */ = {isa = PBXFileReference; name = "IRANSansWeb(FaNum).woff2"; path = "../assets/fonts/IRANSansWeb(FaNum).woff2"; sourceTree = "<group>"; fileEncoding = undefined; lastKnownFileType = unknown; explicitFileType = undefined; includeInIndex = 0; };
		382C7265E4594619ABF0134E /* AntDesign.ttf */ = {isa = PBXFileReference; name = "AntDesign.ttf"; path = "../node_modules/native-base/Fonts/AntDesign.ttf"; sourceTree = "<group>"; fileEncoding = undefined; lastKnownFileType = unknown; explicitFileType = undefined; includeInIndex = 0; };
		B10E90D2CF4F4E4DAE230BE1 /* Entypo.ttf */ = {isa = PBXFileReference; name = "Entypo.ttf"; path = "../node_modules/native-base/Fonts/Entypo.ttf"; sourceTree = "<group>"; fileEncoding = undefined; lastKnownFileType = unknown; explicitFileType = undefined; includeInIndex = 0; };
		5DA32FE0228244A2AC353534 /* EvilIcons.ttf */ = {isa = PBXFileReference; name = "EvilIcons.ttf"; path = "../node_modules/native-base/Fonts/EvilIcons.ttf"; sourceTree = "<group>"; fileEncoding = undefined; lastKnownFileType = unknown; explicitFileType = undefined; includeInIndex = 0; };
		F83FA8F122814DF8BC60771B /* Feather.ttf */ = {isa = PBXFileReference; name = "Feather.ttf"; path = "../node_modules/native-base/Fonts/Feather.ttf"; sourceTree = "<group>"; fileEncoding = undefined; lastKnownFileType = unknown; explicitFileType = undefined; includeInIndex = 0; };
		50DC4EAD9ACA45029FD2DD72 /* FontAwesome.ttf */ = {isa = PBXFileReference; name = "FontAwesome.ttf"; path = "../node_modules/native-base/Fonts/FontAwesome.ttf"; sourceTree = "<group>"; fileEncoding = undefined; lastKnownFileType = unknown; explicitFileType = undefined; includeInIndex = 0; };
		89C09F2DCFD246DB89DB7CC7 /* FontAwesome5_Brands.ttf */ = {isa = PBXFileReference; name = "FontAwesome5_Brands.ttf"; path = "../node_modules/native-base/Fonts/FontAwesome5_Brands.ttf"; sourceTree = "<group>"; fileEncoding = undefined; lastKnownFileType = unknown; explicitFileType = undefined; includeInIndex = 0; };
		D37280D58CB54E8A9E87DC5B /* FontAwesome5_Regular.ttf */ = {isa = PBXFileReference; name = "FontAwesome5_Regular.ttf"; path = "../node_modules/native-base/Fonts/FontAwesome5_Regular.ttf"; sourceTree = "<group>"; fileEncoding = undefined; lastKnownFileType = unknown; explicitFileType = undefined; includeInIndex = 0; };
		38DE47DFE7894F659F7240AD /* FontAwesome5_Solid.ttf */ = {isa = PBXFileReference; name = "FontAwesome5_Solid.ttf"; path = "../node_modules/native-base/Fonts/FontAwesome5_Solid.ttf"; sourceTree = "<group>"; fileEncoding = undefined; lastKnownFileType = unknown; explicitFileType = undefined; includeInIndex = 0; };
		9DEFFD22B70943809592986F /* Fontisto.ttf */ = {isa = PBXFileReference; name = "Fontisto.ttf"; path = "../node_modules/native-base/Fonts/Fontisto.ttf"; sourceTree = "<group>"; fileEncoding = undefined; lastKnownFileType = unknown; explicitFileType = undefined; includeInIndex = 0; };
		217D3FBB90B74A68BBAF487C /* Foundation.ttf */ = {isa = PBXFileReference; name = "Foundation.ttf"; path = "../node_modules/native-base/Fonts/Foundation.ttf"; sourceTree = "<group>"; fileEncoding = undefined; lastKnownFileType = unknown; explicitFileType = undefined; includeInIndex = 0; };
		70ED5B559EF9465292AE5B7C /* Ionicons.ttf */ = {isa = PBXFileReference; name = "Ionicons.ttf"; path = "../node_modules/native-base/Fonts/Ionicons.ttf"; sourceTree = "<group>"; fileEncoding = undefined; lastKnownFileType = unknown; explicitFileType = undefined; includeInIndex = 0; };
		EDAF8C32CDEC40AE840E0FF8 /* MaterialCommunityIcons.ttf */ = {isa = PBXFileReference; name = "MaterialCommunityIcons.ttf"; path = "../node_modules/native-base/Fonts/MaterialCommunityIcons.ttf"; sourceTree = "<group>"; fileEncoding = undefined; lastKnownFileType = unknown; explicitFileType = undefined; includeInIndex = 0; };
		FFECF6DB169D45548D75E6C2 /* MaterialIcons.ttf */ = {isa = PBXFileReference; name = "MaterialIcons.ttf"; path = "../node_modules/native-base/Fonts/MaterialIcons.ttf"; sourceTree = "<group>"; fileEncoding = undefined; lastKnownFileType = unknown; explicitFileType = undefined; includeInIndex = 0; };
		89C15EEF31F0430DA9FF4744 /* Octicons.ttf */ = {isa = PBXFileReference; name = "Octicons.ttf"; path = "../node_modules/native-base/Fonts/Octicons.ttf"; sourceTree = "<group>"; fileEncoding = undefined; lastKnownFileType = unknown; explicitFileType = undefined; includeInIndex = 0; };
		A2D88D55133945A5AD9DCE6B /* Roboto_medium.ttf */ = {isa = PBXFileReference; name = "Roboto_medium.ttf"; path = "../node_modules/native-base/Fonts/Roboto_medium.ttf"; sourceTree = "<group>"; fileEncoding = undefined; lastKnownFileType = unknown; explicitFileType = undefined; includeInIndex = 0; };
		79959A80124F44DD87857DFD /* Roboto.ttf */ = {isa = PBXFileReference; name = "Roboto.ttf"; path = "../node_modules/native-base/Fonts/Roboto.ttf"; sourceTree = "<group>"; fileEncoding = undefined; lastKnownFileType = unknown; explicitFileType = undefined; includeInIndex = 0; };
		90E2A00AA7E541749A7AF269 /* rubicon-icon-font.ttf */ = {isa = PBXFileReference; name = "rubicon-icon-font.ttf"; path = "../node_modules/native-base/Fonts/rubicon-icon-font.ttf"; sourceTree = "<group>"; fileEncoding = undefined; lastKnownFileType = unknown; explicitFileType = undefined; includeInIndex = 0; };
		1F77C67C9CC849BA9B32F67C /* SimpleLineIcons.ttf */ = {isa = PBXFileReference; name = "SimpleLineIcons.ttf"; path = "../node_modules/native-base/Fonts/SimpleLineIcons.ttf"; sourceTree = "<group>"; fileEncoding = undefined; lastKnownFileType = unknown; explicitFileType = undefined; includeInIndex = 0; };
		5AC76CEC00E44966BE1093D0 /* Zocial.ttf */ = {isa = PBXFileReference; name = "Zocial.ttf"; path = "../node_modules/native-base/Fonts/Zocial.ttf"; sourceTree = "<group>"; fileEncoding = undefined; lastKnownFileType = unknown; explicitFileType = undefined; includeInIndex = 0; };
		A6B09446035845778320DE35 /* Vazir-Bold-FD.ttf */ = {isa = PBXFileReference; name = "Vazir-Bold-FD.ttf"; path = "../assets/fonts/Vazir-Bold-FD.ttf"; sourceTree = "<group>"; fileEncoding = undefined; lastKnownFileType = unknown; explicitFileType = undefined; includeInIndex = 0; };
		CD916098EB7E472D976925B9 /* Vazir-Bold-FD.woff */ = {isa = PBXFileReference; name = "Vazir-Bold-FD.woff"; path = "../assets/fonts/Vazir-Bold-FD.woff"; sourceTree = "<group>"; fileEncoding = undefined; lastKnownFileType = unknown; explicitFileType = undefined; includeInIndex = 0; };
		52D70237B3CF40C7A9C391FE /* Vazir-Bold-FD.woff2 */ = {isa = PBXFileReference; name = "Vazir-Bold-FD.woff2"; path = "../assets/fonts/Vazir-Bold-FD.woff2"; sourceTree = "<group>"; fileEncoding = undefined; lastKnownFileType = unknown; explicitFileType = undefined; includeInIndex = 0; };
		205FFA1E2532459FA35DB2AD /* Vazir-FD.ttf */ = {isa = PBXFileReference; name = "Vazir-FD.ttf"; path = "../assets/fonts/Vazir-FD.ttf"; sourceTree = "<group>"; fileEncoding = undefined; lastKnownFileType = unknown; explicitFileType = undefined; includeInIndex = 0; };
		1FAC868F4C7C4828A788654D /* Vazir-FD.woff */ = {isa = PBXFileReference; name = "Vazir-FD.woff"; path = "../assets/fonts/Vazir-FD.woff"; sourceTree = "<group>"; fileEncoding = undefined; lastKnownFileType = unknown; explicitFileType = undefined; includeInIndex = 0; };
		D414852BD0C441BF8288F84A /* Vazir-FD.woff2 */ = {isa = PBXFileReference; name = "Vazir-FD.woff2"; path = "../assets/fonts/Vazir-FD.woff2"; sourceTree = "<group>"; fileEncoding = undefined; lastKnownFileType = unknown; explicitFileType = undefined; includeInIndex = 0; };
		3A96CF52AA6C41ED8EC60331 /* Vazir.ttf */ = {isa = PBXFileReference; name = "Vazir.ttf"; path = "../assets/fonts/Vazir.ttf"; sourceTree = "<group>"; fileEncoding = undefined; lastKnownFileType = unknown; explicitFileType = undefined; includeInIndex = 0; };
		29B479DD41414B88A28F1DF3 /* Vazir.woff */ = {isa = PBXFileReference; name = "Vazir.woff"; path = "../assets/fonts/Vazir.woff"; sourceTree = "<group>"; fileEncoding = undefined; lastKnownFileType = unknown; explicitFileType = undefined; includeInIndex = 0; };
		B3A225A043DD4DC4A565AF38 /* Vazir.woff2 */ = {isa = PBXFileReference; name = "Vazir.woff2"; path = "../assets/fonts/Vazir.woff2"; sourceTree = "<group>"; fileEncoding = undefined; lastKnownFileType = unknown; explicitFileType = undefined; includeInIndex = 0; };
/* End PBXFileReference section */

/* Begin PBXFrameworksBuildPhase section */
		00E356EB1AD99517003FC87E /* Frameworks */ = {
			isa = PBXFrameworksBuildPhase;
			buildActionMask = 2147483647;
			files = (
			);
			runOnlyForDeploymentPostprocessing = 0;
		};
		13B07F8C1A680F5B00A75B9A /* Frameworks */ = {
			isa = PBXFrameworksBuildPhase;
			buildActionMask = 2147483647;
			files = (
			);
			runOnlyForDeploymentPostprocessing = 0;
		};
		2D02E4781E0B4A5D006451C7 /* Frameworks */ = {
			isa = PBXFrameworksBuildPhase;
			buildActionMask = 2147483647;
			files = (
			);
			runOnlyForDeploymentPostprocessing = 0;
		};
		2D02E48D1E0B4A5D006451C7 /* Frameworks */ = {
			isa = PBXFrameworksBuildPhase;
			buildActionMask = 2147483647;
			files = (
			);
			runOnlyForDeploymentPostprocessing = 0;
		};
/* End PBXFrameworksBuildPhase section */

/* Begin PBXGroup section */
		00E356EF1AD99517003FC87E /* BaskoolTests */ = {
			isa = PBXGroup;
			children = (
				00E356F21AD99517003FC87E /* BaskoolTests.m */,
				00E356F01AD99517003FC87E /* Supporting Files */,
			);
			path = BaskoolTests;
			sourceTree = "<group>";
		};
		00E356F01AD99517003FC87E /* Supporting Files */ = {
			isa = PBXGroup;
			children = (
				00E356F11AD99517003FC87E /* Info.plist */,
			);
			name = "Supporting Files";
			sourceTree = "<group>";
		};
		13B07FAE1A68108700A75B9A /* Baskool */ = {
			isa = PBXGroup;
			children = (
				008F07F21AC5B25A0029DE68 /* main.jsbundle */,
				13B07FAF1A68108700A75B9A /* AppDelegate.h */,
				13B07FB01A68108700A75B9A /* AppDelegate.m */,
				13B07FB51A68108700A75B9A /* Images.xcassets */,
				13B07FB61A68108700A75B9A /* Info.plist */,
				13B07FB11A68108700A75B9A /* LaunchScreen.xib */,
				13B07FB71A68108700A75B9A /* main.m */,
			);
			name = Baskool;
			sourceTree = "<group>";
		};
		2D16E6871FA4F8E400B85C8A /* Frameworks */ = {
			isa = PBXGroup;
			children = (
				ED297162215061F000B7C4FE /* JavaScriptCore.framework */,
				ED2971642150620600B7C4FE /* JavaScriptCore.framework */,
			);
			name = Frameworks;
			sourceTree = "<group>";
		};
		832341AE1AAA6A7D00B99B32 /* Libraries */ = {
			isa = PBXGroup;
			children = (
			);
			name = Libraries;
			sourceTree = "<group>";
		};
		83CBB9F61A601CBA00E9B192 = {
			isa = PBXGroup;
			children = (
				13B07FAE1A68108700A75B9A /* Baskool */,
				832341AE1AAA6A7D00B99B32 /* Libraries */,
				00E356EF1AD99517003FC87E /* BaskoolTests */,
				83CBBA001A601CBA00E9B192 /* Products */,
				2D16E6871FA4F8E400B85C8A /* Frameworks */,
				9BE7F6378C1D43808921A0D9 /* Resources */,
			);
			indentWidth = 2;
			sourceTree = "<group>";
			tabWidth = 2;
			usesTabs = 0;
		};
		83CBBA001A601CBA00E9B192 /* Products */ = {
			isa = PBXGroup;
			children = (
				13B07F961A680F5B00A75B9A /* Baskool.app */,
				00E356EE1AD99517003FC87E /* BaskoolTests.xctest */,
				2D02E47B1E0B4A5D006451C7 /* Baskool-tvOS.app */,
				2D02E4901E0B4A5D006451C7 /* Baskool-tvOSTests.xctest */,
			);
			name = Products;
			sourceTree = "<group>";
		};
		9BE7F6378C1D43808921A0D9 /* Resources */ = {
			isa = "PBXGroup";
			children = (
				4F60D3BB8D0F4D508A96D501 /* IranSans.woff */,
				2275EF41A42C490DBF8EB08A /* IRANSansWeb(FaNum)_Bold.ttf */,
				3232DAA480B441999E734A5A /* IRANSansWeb(FaNum)_Bold.woff */,
				92480559B1BC4A639F7E2505 /* IRANSansWeb(FaNum)_Bold.woff2 */,
				DC764C232C224A858B05F5C0 /* IRANSansWeb(FaNum)_Light.ttf */,
				87086B0208F545DEB10B99B0 /* IRANSansWeb(FaNum)_Light.woff */,
				DCFD290A5EF14726A33877E9 /* IRANSansWeb(FaNum)_Light.woff2 */,
				A79A44920DA246D09BF81911 /* IRANSansWeb(FaNum)_Medium.ttf */,
				11A9CEBAB6F04FD49E2BC2F5 /* IRANSansWeb(FaNum)_Medium.woff */,
				6AB3899CA666415E8B667DBF /* IRANSansWeb(FaNum)_Medium.woff2 */,
				C51B1C14FD8E418FA5B15705 /* IRANSansWeb(FaNum)_UltraLight.ttf */,
				24EFE308D66E4E9896F38810 /* IRANSansWeb(FaNum)_UltraLight.woff */,
				0383C1338CE746E3B353CCFC /* IRANSansWeb(FaNum)_UltraLight.woff2 */,
				EC8E4DE516BA430F91C5E335 /* IRANSansWeb(FaNum).ttf */,
				3B4E80BCA8B74B4DB6D7E40F /* IRANSansWeb(FaNum).woff */,
				0D80D817178E4AB79AC5FE3B /* IRANSansWeb(FaNum).woff2 */,
				382C7265E4594619ABF0134E /* AntDesign.ttf */,
				B10E90D2CF4F4E4DAE230BE1 /* Entypo.ttf */,
				5DA32FE0228244A2AC353534 /* EvilIcons.ttf */,
				F83FA8F122814DF8BC60771B /* Feather.ttf */,
				50DC4EAD9ACA45029FD2DD72 /* FontAwesome.ttf */,
				89C09F2DCFD246DB89DB7CC7 /* FontAwesome5_Brands.ttf */,
				D37280D58CB54E8A9E87DC5B /* FontAwesome5_Regular.ttf */,
				38DE47DFE7894F659F7240AD /* FontAwesome5_Solid.ttf */,
				9DEFFD22B70943809592986F /* Fontisto.ttf */,
				217D3FBB90B74A68BBAF487C /* Foundation.ttf */,
				70ED5B559EF9465292AE5B7C /* Ionicons.ttf */,
				EDAF8C32CDEC40AE840E0FF8 /* MaterialCommunityIcons.ttf */,
				FFECF6DB169D45548D75E6C2 /* MaterialIcons.ttf */,
				89C15EEF31F0430DA9FF4744 /* Octicons.ttf */,
				A2D88D55133945A5AD9DCE6B /* Roboto_medium.ttf */,
				79959A80124F44DD87857DFD /* Roboto.ttf */,
				90E2A00AA7E541749A7AF269 /* rubicon-icon-font.ttf */,
				1F77C67C9CC849BA9B32F67C /* SimpleLineIcons.ttf */,
				5AC76CEC00E44966BE1093D0 /* Zocial.ttf */,
				A6B09446035845778320DE35 /* Vazir-Bold-FD.ttf */,
				CD916098EB7E472D976925B9 /* Vazir-Bold-FD.woff */,
				52D70237B3CF40C7A9C391FE /* Vazir-Bold-FD.woff2 */,
				205FFA1E2532459FA35DB2AD /* Vazir-FD.ttf */,
				1FAC868F4C7C4828A788654D /* Vazir-FD.woff */,
				D414852BD0C441BF8288F84A /* Vazir-FD.woff2 */,
				3A96CF52AA6C41ED8EC60331 /* Vazir.ttf */,
				29B479DD41414B88A28F1DF3 /* Vazir.woff */,
				B3A225A043DD4DC4A565AF38 /* Vazir.woff2 */,
			);
			name = Resources;
			sourceTree = "<group>";
			path = "";
		};
/* End PBXGroup section */

/* Begin PBXNativeTarget section */
		00E356ED1AD99517003FC87E /* BaskoolTests */ = {
			isa = PBXNativeTarget;
			buildConfigurationList = 00E357021AD99517003FC87E /* Build configuration list for PBXNativeTarget "BaskoolTests" */;
			buildPhases = (
				00E356EA1AD99517003FC87E /* Sources */,
				00E356EB1AD99517003FC87E /* Frameworks */,
				00E356EC1AD99517003FC87E /* Resources */,
			);
			buildRules = (
			);
			dependencies = (
				00E356F51AD99517003FC87E /* PBXTargetDependency */,
			);
			name = BaskoolTests;
			productName = BaskoolTests;
			productReference = 00E356EE1AD99517003FC87E /* BaskoolTests.xctest */;
			productType = "com.apple.product-type.bundle.unit-test";
		};
		13B07F861A680F5B00A75B9A /* Baskool */ = {
			isa = PBXNativeTarget;
			buildConfigurationList = 13B07F931A680F5B00A75B9A /* Build configuration list for PBXNativeTarget "Baskool" */;
			buildPhases = (
				FD10A7F022414F080027D42C /* Start Packager */,
				13B07F871A680F5B00A75B9A /* Sources */,
				13B07F8C1A680F5B00A75B9A /* Frameworks */,
				13B07F8E1A680F5B00A75B9A /* Resources */,
				00DD1BFF1BD5951E006B06BC /* Bundle React Native code and images */,
			);
			buildRules = (
			);
			dependencies = (
			);
			name = Baskool;
			productName = "Baskool";
			productReference = 13B07F961A680F5B00A75B9A /* Baskool.app */;
			productType = "com.apple.product-type.application";
		};
		2D02E47A1E0B4A5D006451C7 /* Baskool-tvOS */ = {
			isa = PBXNativeTarget;
			buildConfigurationList = 2D02E4BA1E0B4A5E006451C7 /* Build configuration list for PBXNativeTarget "Baskool-tvOS" */;
			buildPhases = (
				FD10A7F122414F3F0027D42C /* Start Packager */,
				2D02E4771E0B4A5D006451C7 /* Sources */,
				2D02E4781E0B4A5D006451C7 /* Frameworks */,
				2D02E4791E0B4A5D006451C7 /* Resources */,
				2D02E4CB1E0B4B27006451C7 /* Bundle React Native Code And Images */,
			);
			buildRules = (
			);
			dependencies = (
			);
			name = "Baskool-tvOS";
			productName = "Baskool-tvOS";
			productReference = 2D02E47B1E0B4A5D006451C7 /* Baskool-tvOS.app */;
			productType = "com.apple.product-type.application";
		};
		2D02E48F1E0B4A5D006451C7 /* Baskool-tvOSTests */ = {
			isa = PBXNativeTarget;
			buildConfigurationList = 2D02E4BB1E0B4A5E006451C7 /* Build configuration list for PBXNativeTarget "Baskool-tvOSTests" */;
			buildPhases = (
				2D02E48C1E0B4A5D006451C7 /* Sources */,
				2D02E48D1E0B4A5D006451C7 /* Frameworks */,
				2D02E48E1E0B4A5D006451C7 /* Resources */,
			);
			buildRules = (
			);
			dependencies = (
				2D02E4921E0B4A5D006451C7 /* PBXTargetDependency */,
			);
			name = "Baskool-tvOSTests";
			productName = "Baskool-tvOSTests";
			productReference = 2D02E4901E0B4A5D006451C7 /* Baskool-tvOSTests.xctest */;
			productType = "com.apple.product-type.bundle.unit-test";
		};
/* End PBXNativeTarget section */

/* Begin PBXProject section */
		83CBB9F71A601CBA00E9B192 /* Project object */ = {
			isa = PBXProject;
			attributes = {
				LastUpgradeCheck = 940;
				ORGANIZATIONNAME = Facebook;
				TargetAttributes = {
					00E356ED1AD99517003FC87E = {
						CreatedOnToolsVersion = 6.2;
						TestTargetID = 13B07F861A680F5B00A75B9A;
					};
					2D02E47A1E0B4A5D006451C7 = {
						CreatedOnToolsVersion = 8.2.1;
						ProvisioningStyle = Automatic;
					};
					2D02E48F1E0B4A5D006451C7 = {
						CreatedOnToolsVersion = 8.2.1;
						ProvisioningStyle = Automatic;
						TestTargetID = 2D02E47A1E0B4A5D006451C7;
					};
				};
			};
			buildConfigurationList = 83CBB9FA1A601CBA00E9B192 /* Build configuration list for PBXProject "Baskool" */;
			compatibilityVersion = "Xcode 3.2";
			developmentRegion = English;
			hasScannedForEncodings = 0;
			knownRegions = (
				en,
				Base,
			);
			mainGroup = 83CBB9F61A601CBA00E9B192;
			productRefGroup = 83CBBA001A601CBA00E9B192 /* Products */;
			projectDirPath = "";
			projectRoot = "";
			targets = (
				13B07F861A680F5B00A75B9A /* Baskool */,
				00E356ED1AD99517003FC87E /* BaskoolTests */,
				2D02E47A1E0B4A5D006451C7 /* Baskool-tvOS */,
				2D02E48F1E0B4A5D006451C7 /* Baskool-tvOSTests */,
			);
		};
/* End PBXProject section */

/* Begin PBXResourcesBuildPhase section */
		00E356EC1AD99517003FC87E /* Resources */ = {
			isa = PBXResourcesBuildPhase;
			buildActionMask = 2147483647;
			files = (
			);
			runOnlyForDeploymentPostprocessing = 0;
		};
		13B07F8E1A680F5B00A75B9A /* Resources */ = {
			isa = PBXResourcesBuildPhase;
			buildActionMask = 2147483647;
			files = (
				13B07FBF1A68108700A75B9A /* Images.xcassets in Resources */,
				13B07FBD1A68108700A75B9A /* LaunchScreen.xib in Resources */,
				CCFF2C6E9A4740E9BEE43569 /* IranSans.woff in Resources */,
				A188137AE3FB48C98B48FE2C /* IRANSansWeb(FaNum)_Bold.ttf in Resources */,
				0AF26AEC414D4DCB91F04A23 /* IRANSansWeb(FaNum)_Bold.woff in Resources */,
				DF525D235F12403F8A13BE44 /* IRANSansWeb(FaNum)_Bold.woff2 in Resources */,
				0A6CB3DC56CA4C7AB5A0B03B /* IRANSansWeb(FaNum)_Light.ttf in Resources */,
				FD031BE953774F3592A76FBF /* IRANSansWeb(FaNum)_Light.woff in Resources */,
				91C2E627DAAB4AED84937B1B /* IRANSansWeb(FaNum)_Light.woff2 in Resources */,
				C52B12171E14438CBBE356FF /* IRANSansWeb(FaNum)_Medium.ttf in Resources */,
				2173BF2FE21948F5BE262005 /* IRANSansWeb(FaNum)_Medium.woff in Resources */,
				E39F7522D5C543A49C8E528F /* IRANSansWeb(FaNum)_Medium.woff2 in Resources */,
				E7113264CA624AFDA4386A2C /* IRANSansWeb(FaNum)_UltraLight.ttf in Resources */,
				5A872C25D57B4F58925CA765 /* IRANSansWeb(FaNum)_UltraLight.woff in Resources */,
				7BA23FC8CB864A85AAE4D5BF /* IRANSansWeb(FaNum)_UltraLight.woff2 in Resources */,
				1FA39BC918274E49B276E5B3 /* IRANSansWeb(FaNum).ttf in Resources */,
				D1BD3E02E84F43D4BAD85B3F /* IRANSansWeb(FaNum).woff in Resources */,
				129C595388CF4B05B64F673A /* IRANSansWeb(FaNum).woff2 in Resources */,
				A2250146671C43ECBA97C710 /* AntDesign.ttf in Resources */,
				7653A0A525714519844D34CA /* Entypo.ttf in Resources */,
				21688266325C4EF39FE4C1D9 /* EvilIcons.ttf in Resources */,
				C290E99F3E624624ACE2921A /* Feather.ttf in Resources */,
				2B6ED1E9BBEE41EBBDE7B925 /* FontAwesome.ttf in Resources */,
				E00E4E09459C4903AF14B6A4 /* FontAwesome5_Brands.ttf in Resources */,
				57E039FD1FAC4C83B56379C0 /* FontAwesome5_Regular.ttf in Resources */,
				3EE1581B0D52424DBDEA6C0B /* FontAwesome5_Solid.ttf in Resources */,
				758CA659A4DB4E30AAF28626 /* Fontisto.ttf in Resources */,
				9874B388EEA9454EBC953CFD /* Foundation.ttf in Resources */,
				6321DF190BA7425EA1CDCA87 /* Ionicons.ttf in Resources */,
				E83ED7D8D06A42D1A68E2824 /* MaterialCommunityIcons.ttf in Resources */,
				8CB962BBB37C484B93B0C11A /* MaterialIcons.ttf in Resources */,
				B27F9975D1964D9B936C6609 /* Octicons.ttf in Resources */,
				8FB1351360DD42A4A4DB5225 /* Roboto_medium.ttf in Resources */,
				5D567C67B7B640FA9E2C6443 /* Roboto.ttf in Resources */,
				1EFC41304F40482B82CD6D03 /* rubicon-icon-font.ttf in Resources */,
				9B38AD11F12345A685B85CD5 /* SimpleLineIcons.ttf in Resources */,
				7896F2F0AD0B43E7A0AB24F1 /* Zocial.ttf in Resources */,
				811C562DE06244088CDAFDFA /* Vazir-Bold-FD.ttf in Resources */,
				E06FBF1EF16249C6AC7D2774 /* Vazir-Bold-FD.woff in Resources */,
				CB6F3110124C4D0CBAFC56E8 /* Vazir-Bold-FD.woff2 in Resources */,
				8CD6CE7BDE174FDBA1F7E281 /* Vazir-FD.ttf in Resources */,
				BE154A6E677B4DF3B58BC05E /* Vazir-FD.woff in Resources */,
				7421DFDA6F244167B1060167 /* Vazir-FD.woff2 in Resources */,
				4CF21C4A4341455ABFE95B1C /* Vazir.ttf in Resources */,
				FA47639B1EB245C99018BA8E /* Vazir.woff in Resources */,
				C733C15C88464294A5FCE70A /* Vazir.woff2 in Resources */,
			);
			runOnlyForDeploymentPostprocessing = 0;
		};
		2D02E4791E0B4A5D006451C7 /* Resources */ = {
			isa = PBXResourcesBuildPhase;
			buildActionMask = 2147483647;
			files = (
				2D02E4BD1E0B4A84006451C7 /* Images.xcassets in Resources */,
			);
			runOnlyForDeploymentPostprocessing = 0;
		};
		2D02E48E1E0B4A5D006451C7 /* Resources */ = {
			isa = PBXResourcesBuildPhase;
			buildActionMask = 2147483647;
			files = (
			);
			runOnlyForDeploymentPostprocessing = 0;
		};
/* End PBXResourcesBuildPhase section */

/* Begin PBXShellScriptBuildPhase section */
		00DD1BFF1BD5951E006B06BC /* Bundle React Native code and images */ = {
			isa = PBXShellScriptBuildPhase;
			buildActionMask = 2147483647;
			files = (
			);
			inputPaths = (
			);
			name = "Bundle React Native code and images";
			outputPaths = (
			);
			runOnlyForDeploymentPostprocessing = 0;
			shellPath = /bin/sh;
			shellScript = "export NODE_BINARY=node\n../node_modules/react-native/scripts/react-native-xcode.sh";
		};
		2D02E4CB1E0B4B27006451C7 /* Bundle React Native Code And Images */ = {
			isa = PBXShellScriptBuildPhase;
			buildActionMask = 2147483647;
			files = (
			);
			inputPaths = (
			);
			name = "Bundle React Native Code And Images";
			outputPaths = (
			);
			runOnlyForDeploymentPostprocessing = 0;
			shellPath = /bin/sh;
			shellScript = "export NODE_BINARY=node\n../node_modules/react-native/scripts/react-native-xcode.sh";
		};
		FD10A7F022414F080027D42C /* Start Packager */ = {
			isa = PBXShellScriptBuildPhase;
			buildActionMask = 2147483647;
			files = (
			);
			inputFileListPaths = (
			);
			inputPaths = (
			);
			name = "Start Packager";
			outputFileListPaths = (
			);
			outputPaths = (
			);
			runOnlyForDeploymentPostprocessing = 0;
			shellPath = /bin/sh;
			shellScript = "export RCT_METRO_PORT=\"${RCT_METRO_PORT:=8081}\"\necho \"export RCT_METRO_PORT=${RCT_METRO_PORT}\" > \"${SRCROOT}/../node_modules/react-native/scripts/.packager.env\"\nif [ -z \"${RCT_NO_LAUNCH_PACKAGER+xxx}\" ] ; then\n  if nc -w 5 -z localhost ${RCT_METRO_PORT} ; then\n    if ! curl -s \"http://localhost:${RCT_METRO_PORT}/status\" | grep -q \"packager-status:running\" ; then\n      echo \"Port ${RCT_METRO_PORT} already in use, packager is either not running or not running correctly\"\n      exit 2\n    fi\n  else\n    open \"$SRCROOT/../node_modules/react-native/scripts/launchPackager.command\" || echo \"Can't start packager automatically\"\n  fi\nfi\n";
			showEnvVarsInLog = 0;
		};
		FD10A7F122414F3F0027D42C /* Start Packager */ = {
			isa = PBXShellScriptBuildPhase;
			buildActionMask = 2147483647;
			files = (
			);
			inputFileListPaths = (
			);
			inputPaths = (
			);
			name = "Start Packager";
			outputFileListPaths = (
			);
			outputPaths = (
			);
			runOnlyForDeploymentPostprocessing = 0;
			shellPath = /bin/sh;
			shellScript = "export RCT_METRO_PORT=\"${RCT_METRO_PORT:=8081}\"\necho \"export RCT_METRO_PORT=${RCT_METRO_PORT}\" > \"${SRCROOT}/../node_modules/react-native/scripts/.packager.env\"\nif [ -z \"${RCT_NO_LAUNCH_PACKAGER+xxx}\" ] ; then\n  if nc -w 5 -z localhost ${RCT_METRO_PORT} ; then\n    if ! curl -s \"http://localhost:${RCT_METRO_PORT}/status\" | grep -q \"packager-status:running\" ; then\n      echo \"Port ${RCT_METRO_PORT} already in use, packager is either not running or not running correctly\"\n      exit 2\n    fi\n  else\n    open \"$SRCROOT/../node_modules/react-native/scripts/launchPackager.command\" || echo \"Can't start packager automatically\"\n  fi\nfi\n";
			showEnvVarsInLog = 0;
		};
/* End PBXShellScriptBuildPhase section */

/* Begin PBXSourcesBuildPhase section */
		00E356EA1AD99517003FC87E /* Sources */ = {
			isa = PBXSourcesBuildPhase;
			buildActionMask = 2147483647;
			files = (
				00E356F31AD99517003FC87E /* BaskoolTests.m in Sources */,
			);
			runOnlyForDeploymentPostprocessing = 0;
		};
		13B07F871A680F5B00A75B9A /* Sources */ = {
			isa = PBXSourcesBuildPhase;
			buildActionMask = 2147483647;
			files = (
				13B07FBC1A68108700A75B9A /* AppDelegate.m in Sources */,
				13B07FC11A68108700A75B9A /* main.m in Sources */,
			);
			runOnlyForDeploymentPostprocessing = 0;
		};
		2D02E4771E0B4A5D006451C7 /* Sources */ = {
			isa = PBXSourcesBuildPhase;
			buildActionMask = 2147483647;
			files = (
				2D02E4BF1E0B4AB3006451C7 /* main.m in Sources */,
				2D02E4BC1E0B4A80006451C7 /* AppDelegate.m in Sources */,
			);
			runOnlyForDeploymentPostprocessing = 0;
		};
		2D02E48C1E0B4A5D006451C7 /* Sources */ = {
			isa = PBXSourcesBuildPhase;
			buildActionMask = 2147483647;
			files = (
				2DCD954D1E0B4F2C00145EB5 /* BaskoolTests.m in Sources */,
			);
			runOnlyForDeploymentPostprocessing = 0;
		};
/* End PBXSourcesBuildPhase section */

/* Begin PBXTargetDependency section */
		00E356F51AD99517003FC87E /* PBXTargetDependency */ = {
			isa = PBXTargetDependency;
			target = 13B07F861A680F5B00A75B9A /* Baskool */;
			targetProxy = 00E356F41AD99517003FC87E /* PBXContainerItemProxy */;
		};
		2D02E4921E0B4A5D006451C7 /* PBXTargetDependency */ = {
			isa = PBXTargetDependency;
			target = 2D02E47A1E0B4A5D006451C7 /* Baskool-tvOS */;
			targetProxy = 2D02E4911E0B4A5D006451C7 /* PBXContainerItemProxy */;
		};
/* End PBXTargetDependency section */

/* Begin PBXVariantGroup section */
		13B07FB11A68108700A75B9A /* LaunchScreen.xib */ = {
			isa = PBXVariantGroup;
			children = (
				13B07FB21A68108700A75B9A /* Base */,
			);
			name = LaunchScreen.xib;
			path = Baskool;
			sourceTree = "<group>";
		};
/* End PBXVariantGroup section */

/* Begin XCBuildConfiguration section */
		00E356F61AD99517003FC87E /* Debug */ = {
			isa = XCBuildConfiguration;
			buildSettings = {
				BUNDLE_LOADER = "$(TEST_HOST)";
				GCC_PREPROCESSOR_DEFINITIONS = (
					"DEBUG=1",
					"$(inherited)",
				);
				INFOPLIST_FILE = BaskoolTests/Info.plist;
				IPHONEOS_DEPLOYMENT_TARGET = 9.0;
				LD_RUNPATH_SEARCH_PATHS = "$(inherited) @executable_path/Frameworks @loader_path/Frameworks";
				OTHER_LDFLAGS = (
					"-ObjC",
					"-lc++",
					"$(inherited)",
				);
				PRODUCT_BUNDLE_IDENTIFIER = "org.reactjs.native.example.$(PRODUCT_NAME:rfc1034identifier)";
				PRODUCT_NAME = "$(TARGET_NAME)";
				TEST_HOST = "$(BUILT_PRODUCTS_DIR)/Baskool.app/Baskool";
			};
			name = Debug;
		};
		00E356F71AD99517003FC87E /* Release */ = {
			isa = XCBuildConfiguration;
			buildSettings = {
				BUNDLE_LOADER = "$(TEST_HOST)";
				COPY_PHASE_STRIP = NO;
				INFOPLIST_FILE = BaskoolTests/Info.plist;
				IPHONEOS_DEPLOYMENT_TARGET = 9.0;
				LD_RUNPATH_SEARCH_PATHS = "$(inherited) @executable_path/Frameworks @loader_path/Frameworks";
				OTHER_LDFLAGS = (
					"-ObjC",
					"-lc++",
					"$(inherited)",
				);
				PRODUCT_BUNDLE_IDENTIFIER = "org.reactjs.native.example.$(PRODUCT_NAME:rfc1034identifier)";
				PRODUCT_NAME = "$(TARGET_NAME)";
				TEST_HOST = "$(BUILT_PRODUCTS_DIR)/Baskool.app/Baskool";
			};
			name = Release;
		};
		13B07F941A680F5B00A75B9A /* Debug */ = {
			isa = XCBuildConfiguration;
			buildSettings = {
				ASSETCATALOG_COMPILER_APPICON_NAME = AppIcon;
				CURRENT_PROJECT_VERSION = 1;
				DEAD_CODE_STRIPPING = NO;
				INFOPLIST_FILE = Baskool/Info.plist;
				LD_RUNPATH_SEARCH_PATHS = "$(inherited) @executable_path/Frameworks";
				OTHER_LDFLAGS = (
					"$(inherited)",
					"-ObjC",
					"-lc++",
				);
				PRODUCT_BUNDLE_IDENTIFIER = "org.reactjs.native.example.$(PRODUCT_NAME:rfc1034identifier)";
				PRODUCT_NAME = Baskool;
				VERSIONING_SYSTEM = "apple-generic";
			};
			name = Debug;
		};
		13B07F951A680F5B00A75B9A /* Release */ = {
			isa = XCBuildConfiguration;
			buildSettings = {
				ASSETCATALOG_COMPILER_APPICON_NAME = AppIcon;
				CURRENT_PROJECT_VERSION = 1;
				INFOPLIST_FILE = Baskool/Info.plist;
				LD_RUNPATH_SEARCH_PATHS = "$(inherited) @executable_path/Frameworks";
				OTHER_LDFLAGS = (
					"$(inherited)",
					"-ObjC",
					"-lc++",
				);
				PRODUCT_BUNDLE_IDENTIFIER = "org.reactjs.native.example.$(PRODUCT_NAME:rfc1034identifier)";
				PRODUCT_NAME = Baskool;
				VERSIONING_SYSTEM = "apple-generic";
			};
			name = Release;
		};
		2D02E4971E0B4A5E006451C7 /* Debug */ = {
			isa = XCBuildConfiguration;
			buildSettings = {
				ASSETCATALOG_COMPILER_APPICON_NAME = "App Icon & Top Shelf Image";
				ASSETCATALOG_COMPILER_LAUNCHIMAGE_NAME = LaunchImage;
				CLANG_ANALYZER_NONNULL = YES;
				CLANG_WARN_DOCUMENTATION_COMMENTS = YES;
				CLANG_WARN_INFINITE_RECURSION = YES;
				CLANG_WARN_SUSPICIOUS_MOVE = YES;
				DEBUG_INFORMATION_FORMAT = dwarf;
				ENABLE_TESTABILITY = YES;
				GCC_NO_COMMON_BLOCKS = YES;
				INFOPLIST_FILE = "Baskool-tvOS/Info.plist";
				LD_RUNPATH_SEARCH_PATHS = "$(inherited) @executable_path/Frameworks";
				OTHER_LDFLAGS = (
					"$(inherited)",
					"-ObjC",
					"-lc++",
				);
				PRODUCT_BUNDLE_IDENTIFIER = "com.facebook.REACT.Baskool-tvOS";
				PRODUCT_NAME = "$(TARGET_NAME)";
				SDKROOT = appletvos;
				TARGETED_DEVICE_FAMILY = 3;
				TVOS_DEPLOYMENT_TARGET = 9.2;
			};
			name = Debug;
		};
		2D02E4981E0B4A5E006451C7 /* Release */ = {
			isa = XCBuildConfiguration;
			buildSettings = {
				ASSETCATALOG_COMPILER_APPICON_NAME = "App Icon & Top Shelf Image";
				ASSETCATALOG_COMPILER_LAUNCHIMAGE_NAME = LaunchImage;
				CLANG_ANALYZER_NONNULL = YES;
				CLANG_WARN_DOCUMENTATION_COMMENTS = YES;
				CLANG_WARN_INFINITE_RECURSION = YES;
				CLANG_WARN_SUSPICIOUS_MOVE = YES;
				COPY_PHASE_STRIP = NO;
				DEBUG_INFORMATION_FORMAT = "dwarf-with-dsym";
				GCC_NO_COMMON_BLOCKS = YES;
				INFOPLIST_FILE = "Baskool-tvOS/Info.plist";
				LD_RUNPATH_SEARCH_PATHS = "$(inherited) @executable_path/Frameworks";
				OTHER_LDFLAGS = (
					"$(inherited)",
					"-ObjC",
					"-lc++",
				);
				PRODUCT_BUNDLE_IDENTIFIER = "com.facebook.REACT.Baskool-tvOS";
				PRODUCT_NAME = "$(TARGET_NAME)";
				SDKROOT = appletvos;
				TARGETED_DEVICE_FAMILY = 3;
				TVOS_DEPLOYMENT_TARGET = 9.2;
			};
			name = Release;
		};
		2D02E4991E0B4A5E006451C7 /* Debug */ = {
			isa = XCBuildConfiguration;
			buildSettings = {
				BUNDLE_LOADER = "$(TEST_HOST)";
				CLANG_ANALYZER_NONNULL = YES;
				CLANG_WARN_DOCUMENTATION_COMMENTS = YES;
				CLANG_WARN_INFINITE_RECURSION = YES;
				CLANG_WARN_SUSPICIOUS_MOVE = YES;
				DEBUG_INFORMATION_FORMAT = dwarf;
				ENABLE_TESTABILITY = YES;
				GCC_NO_COMMON_BLOCKS = YES;
				INFOPLIST_FILE = "Baskool-tvOSTests/Info.plist";
				LD_RUNPATH_SEARCH_PATHS = "$(inherited) @executable_path/Frameworks @loader_path/Frameworks";
				OTHER_LDFLAGS = (
					"$(inherited)",
					"-ObjC",
					"-lc++",
				);
				PRODUCT_BUNDLE_IDENTIFIER = "com.facebook.REACT.Baskool-tvOSTests";
				PRODUCT_NAME = "$(TARGET_NAME)";
				SDKROOT = appletvos;
				TEST_HOST = "$(BUILT_PRODUCTS_DIR)/Baskool-tvOS.app/Baskool-tvOS";
				TVOS_DEPLOYMENT_TARGET = 10.1;
			};
			name = Debug;
		};
		2D02E49A1E0B4A5E006451C7 /* Release */ = {
			isa = XCBuildConfiguration;
			buildSettings = {
				BUNDLE_LOADER = "$(TEST_HOST)";
				CLANG_ANALYZER_NONNULL = YES;
				CLANG_WARN_DOCUMENTATION_COMMENTS = YES;
				CLANG_WARN_INFINITE_RECURSION = YES;
				CLANG_WARN_SUSPICIOUS_MOVE = YES;
				COPY_PHASE_STRIP = NO;
				DEBUG_INFORMATION_FORMAT = "dwarf-with-dsym";
				GCC_NO_COMMON_BLOCKS = YES;
				INFOPLIST_FILE = "Baskool-tvOSTests/Info.plist";
				LD_RUNPATH_SEARCH_PATHS = "$(inherited) @executable_path/Frameworks @loader_path/Frameworks";
				OTHER_LDFLAGS = (
					"$(inherited)",
					"-ObjC",
					"-lc++",
				);
				PRODUCT_BUNDLE_IDENTIFIER = "com.facebook.REACT.Baskool-tvOSTests";
				PRODUCT_NAME = "$(TARGET_NAME)";
				SDKROOT = appletvos;
				TEST_HOST = "$(BUILT_PRODUCTS_DIR)/Baskool-tvOS.app/Baskool-tvOS";
				TVOS_DEPLOYMENT_TARGET = 10.1;
			};
			name = Release;
		};
		83CBBA201A601CBA00E9B192 /* Debug */ = {
			isa = XCBuildConfiguration;
			buildSettings = {
				ALWAYS_SEARCH_USER_PATHS = NO;
				CLANG_CXX_LANGUAGE_STANDARD = "gnu++0x";
				CLANG_CXX_LIBRARY = "libc++";
				CLANG_ENABLE_MODULES = YES;
				CLANG_ENABLE_OBJC_ARC = YES;
				CLANG_WARN_BLOCK_CAPTURE_AUTORELEASING = YES;
				CLANG_WARN_BOOL_CONVERSION = YES;
				CLANG_WARN_COMMA = YES;
				CLANG_WARN_CONSTANT_CONVERSION = YES;
				CLANG_WARN_DEPRECATED_OBJC_IMPLEMENTATIONS = YES;
				CLANG_WARN_DIRECT_OBJC_ISA_USAGE = YES_ERROR;
				CLANG_WARN_EMPTY_BODY = YES;
				CLANG_WARN_ENUM_CONVERSION = YES;
				CLANG_WARN_INFINITE_RECURSION = YES;
				CLANG_WARN_INT_CONVERSION = YES;
				CLANG_WARN_NON_LITERAL_NULL_CONVERSION = YES;
				CLANG_WARN_OBJC_IMPLICIT_RETAIN_SELF = YES;
				CLANG_WARN_OBJC_LITERAL_CONVERSION = YES;
				CLANG_WARN_OBJC_ROOT_CLASS = YES_ERROR;
				CLANG_WARN_RANGE_LOOP_ANALYSIS = YES;
				CLANG_WARN_STRICT_PROTOTYPES = YES;
				CLANG_WARN_SUSPICIOUS_MOVE = YES;
				CLANG_WARN_UNREACHABLE_CODE = YES;
				CLANG_WARN__DUPLICATE_METHOD_MATCH = YES;
				"CODE_SIGN_IDENTITY[sdk=iphoneos*]" = "iPhone Developer";
				COPY_PHASE_STRIP = NO;
				ENABLE_STRICT_OBJC_MSGSEND = YES;
				ENABLE_TESTABILITY = YES;
				GCC_C_LANGUAGE_STANDARD = gnu99;
				GCC_DYNAMIC_NO_PIC = NO;
				GCC_NO_COMMON_BLOCKS = YES;
				GCC_OPTIMIZATION_LEVEL = 0;
				GCC_PREPROCESSOR_DEFINITIONS = (
					"DEBUG=1",
					"$(inherited)",
				);
				GCC_SYMBOLS_PRIVATE_EXTERN = NO;
				GCC_WARN_64_TO_32_BIT_CONVERSION = YES;
				GCC_WARN_ABOUT_RETURN_TYPE = YES_ERROR;
				GCC_WARN_UNDECLARED_SELECTOR = YES;
				GCC_WARN_UNINITIALIZED_AUTOS = YES_AGGRESSIVE;
				GCC_WARN_UNUSED_FUNCTION = YES;
				GCC_WARN_UNUSED_VARIABLE = YES;
				IPHONEOS_DEPLOYMENT_TARGET = 9.0;
				MTL_ENABLE_DEBUG_INFO = YES;
				ONLY_ACTIVE_ARCH = YES;
				SDKROOT = iphoneos;
			};
			name = Debug;
		};
		83CBBA211A601CBA00E9B192 /* Release */ = {
			isa = XCBuildConfiguration;
			buildSettings = {
				ALWAYS_SEARCH_USER_PATHS = NO;
				CLANG_CXX_LANGUAGE_STANDARD = "gnu++0x";
				CLANG_CXX_LIBRARY = "libc++";
				CLANG_ENABLE_MODULES = YES;
				CLANG_ENABLE_OBJC_ARC = YES;
				CLANG_WARN_BLOCK_CAPTURE_AUTORELEASING = YES;
				CLANG_WARN_BOOL_CONVERSION = YES;
				CLANG_WARN_COMMA = YES;
				CLANG_WARN_CONSTANT_CONVERSION = YES;
				CLANG_WARN_DEPRECATED_OBJC_IMPLEMENTATIONS = YES;
				CLANG_WARN_DIRECT_OBJC_ISA_USAGE = YES_ERROR;
				CLANG_WARN_EMPTY_BODY = YES;
				CLANG_WARN_ENUM_CONVERSION = YES;
				CLANG_WARN_INFINITE_RECURSION = YES;
				CLANG_WARN_INT_CONVERSION = YES;
				CLANG_WARN_NON_LITERAL_NULL_CONVERSION = YES;
				CLANG_WARN_OBJC_IMPLICIT_RETAIN_SELF = YES;
				CLANG_WARN_OBJC_LITERAL_CONVERSION = YES;
				CLANG_WARN_OBJC_ROOT_CLASS = YES_ERROR;
				CLANG_WARN_RANGE_LOOP_ANALYSIS = YES;
				CLANG_WARN_STRICT_PROTOTYPES = YES;
				CLANG_WARN_SUSPICIOUS_MOVE = YES;
				CLANG_WARN_UNREACHABLE_CODE = YES;
				CLANG_WARN__DUPLICATE_METHOD_MATCH = YES;
				"CODE_SIGN_IDENTITY[sdk=iphoneos*]" = "iPhone Developer";
				COPY_PHASE_STRIP = YES;
				ENABLE_NS_ASSERTIONS = NO;
				ENABLE_STRICT_OBJC_MSGSEND = YES;
				GCC_C_LANGUAGE_STANDARD = gnu99;
				GCC_NO_COMMON_BLOCKS = YES;
				GCC_WARN_64_TO_32_BIT_CONVERSION = YES;
				GCC_WARN_ABOUT_RETURN_TYPE = YES_ERROR;
				GCC_WARN_UNDECLARED_SELECTOR = YES;
				GCC_WARN_UNINITIALIZED_AUTOS = YES_AGGRESSIVE;
				GCC_WARN_UNUSED_FUNCTION = YES;
				GCC_WARN_UNUSED_VARIABLE = YES;
				IPHONEOS_DEPLOYMENT_TARGET = 9.0;
				MTL_ENABLE_DEBUG_INFO = NO;
				SDKROOT = iphoneos;
				VALIDATE_PRODUCT = YES;
			};
			name = Release;
		};
/* End XCBuildConfiguration section */

/* Begin XCConfigurationList section */
		00E357021AD99517003FC87E /* Build configuration list for PBXNativeTarget "BaskoolTests" */ = {
			isa = XCConfigurationList;
			buildConfigurations = (
				00E356F61AD99517003FC87E /* Debug */,
				00E356F71AD99517003FC87E /* Release */,
			);
			defaultConfigurationIsVisible = 0;
			defaultConfigurationName = Release;
		};
		13B07F931A680F5B00A75B9A /* Build configuration list for PBXNativeTarget "Baskool" */ = {
			isa = XCConfigurationList;
			buildConfigurations = (
				13B07F941A680F5B00A75B9A /* Debug */,
				13B07F951A680F5B00A75B9A /* Release */,
			);
			defaultConfigurationIsVisible = 0;
			defaultConfigurationName = Release;
		};
		2D02E4BA1E0B4A5E006451C7 /* Build configuration list for PBXNativeTarget "Baskool-tvOS" */ = {
			isa = XCConfigurationList;
			buildConfigurations = (
				2D02E4971E0B4A5E006451C7 /* Debug */,
				2D02E4981E0B4A5E006451C7 /* Release */,
			);
			defaultConfigurationIsVisible = 0;
			defaultConfigurationName = Release;
		};
		2D02E4BB1E0B4A5E006451C7 /* Build configuration list for PBXNativeTarget "Baskool-tvOSTests" */ = {
			isa = XCConfigurationList;
			buildConfigurations = (
				2D02E4991E0B4A5E006451C7 /* Debug */,
				2D02E49A1E0B4A5E006451C7 /* Release */,
			);
			defaultConfigurationIsVisible = 0;
			defaultConfigurationName = Release;
		};
		83CBB9FA1A601CBA00E9B192 /* Build configuration list for PBXProject "Baskool" */ = {
			isa = XCConfigurationList;
			buildConfigurations = (
				83CBBA201A601CBA00E9B192 /* Debug */,
				83CBBA211A601CBA00E9B192 /* Release */,
			);
			defaultConfigurationIsVisible = 0;
			defaultConfigurationName = Release;
		};
/* End XCConfigurationList section */
	};
	rootObject = 83CBB9F71A601CBA00E9B192 /* Project object */;
}
